
Microsoft Visual Studio Solution File, Format Version 12.00
# Visual Studio Version 16
VisualStudioVersion = 16.0.30517.126
MinimumVisualStudioVersion = 10.0.40219.1
Project("{FAE04EC0-301F-11D3-BF4B-00C04F79EFBC}") = "ServiceMtk-P1-014", "ServiceMtk-P1-014\ServiceMtk-P1-014.csproj", "{D24050A1-F842-46F4-BA25-5AC68DAC9733}"
EndProject
Global
	GlobalSection(SolutionConfigurationPlatforms) = preSolution
		Debug|Any CPU = Debug|Any CPU
		Release|Any CPU = Release|Any CPU
	EndGlobalSection
	GlobalSection(ProjectConfigurationPlatforms) = postSolution
		{D24050A1-F842-46F4-BA25-5AC68DAC9733}.Debug|Any CPU.ActiveCfg = Debug|Any CPU
		{D24050A1-F842-46F4-BA25-5AC68DAC9733}.Debug|Any CPU.Build.0 = Debug|Any CPU
		{D24050A1-F842-46F4-BA25-5AC68DAC9733}.Release|Any CPU.ActiveCfg = Release|Any CPU
		{D24050A1-F842-46F4-BA25-5AC68DAC9733}.Release|Any CPU.Build.0 = Release|Any CPU
	EndGlobalSection
	GlobalSection(SolutionProperties) = preSolution
		HideSolutionNode = FALSE
	EndGlobalSection
	GlobalSection(ExtensibilityGlobals) = postSolution
		SolutionGuid = {7589430B-82A2-4679-915F-B259AC1E1328}
	EndGlobalSection
EndGlobal
